
Microsoft Visual Studio Solution File, Format Version 12.00
# Visual Studio Version 17
VisualStudioVersion = 17.9.34728.123
MinimumVisualStudioVersion = 10.0.40219.1
Project("{FAE04EC0-301F-11D3-BF4B-00C04F79EFBC}") = "FileAPI", "FileAPI\FileAPI.csproj", "{618E7234-1056-4FEC-8882-BE7D17BD80C3}"
EndProject
Global
	GlobalSection(SolutionConfigurationPlatforms) = preSolution
		Debug|Any CPU = Debug|Any CPU
		Release|Any CPU = Release|Any CPU
	EndGlobalSection
	GlobalSection(ProjectConfigurationPlatforms) = postSolution
		{618E7234-1056-4FEC-8882-BE7D17BD80C3}.Debug|Any CPU.ActiveCfg = Debug|Any CPU
		{618E7234-1056-4FEC-8882-BE7D17BD80C3}.Debug|Any CPU.Build.0 = Debug|Any CPU
		{618E7234-1056-4FEC-8882-BE7D17BD80C3}.Release|Any CPU.ActiveCfg = Release|Any CPU
		{618E7234-1056-4FEC-8882-BE7D17BD80C3}.Release|Any CPU.Build.0 = Release|Any CPU
	EndGlobalSection
	GlobalSection(SolutionProperties) = preSolution
		HideSolutionNode = FALSE
	EndGlobalSection
	GlobalSection(ExtensibilityGlobals) = postSolution
		SolutionGuid = {836E116F-E639-4FA4-8C38-E0D4909ECCE5}
	EndGlobalSection
EndGlobal
